
Microsoft Visual Studio Solution File, Format Version 12.00
# Visual Studio Version 17
VisualStudioVersion = 17.12.35527.113 d17.12
MinimumVisualStudioVersion = 10.0.40219.1
Project("{FAE04EC0-301F-11D3-BF4B-00C04F79EFBC}") = "QuanLySach.GUI", "QuanLySach.GUI\QuanLySach.GUI.csproj", "{B8955850-6379-42DC-9223-594228863942}"
	ProjectSection(ProjectDependencies) = postProject
		{885AF9AA-96AB-4191-B247-779ABE47675B} = {885AF9AA-96AB-4191-B247-779ABE47675B}
		{9AD091F4-0F02-484B-BD42-CFB31A7E5C2F} = {9AD091F4-0F02-484B-BD42-CFB31A7E5C2F}
	EndProjectSection
EndProject
Project("{FAE04EC0-301F-11D3-BF4B-00C04F79EFBC}") = "QuanLySach.BLL", "QuanLySach.BLL\QuanLySach.BLL.csproj", "{9AD091F4-0F02-484B-BD42-CFB31A7E5C2F}"
	ProjectSection(ProjectDependencies) = postProject
		{885AF9AA-96AB-4191-B247-779ABE47675B} = {885AF9AA-96AB-4191-B247-779ABE47675B}
	EndProjectSection
EndProject
Project("{FAE04EC0-301F-11D3-BF4B-00C04F79EFBC}") = "QuanLySach.DAL", "QuanLySach.DAL\QuanLySach.DAL.csproj", "{885AF9AA-96AB-4191-B247-779ABE47675B}"
EndProject
Global
	GlobalSection(SolutionConfigurationPlatforms) = preSolution
		Debug|Any CPU = Debug|Any CPU
		Release|Any CPU = Release|Any CPU
	EndGlobalSection
	GlobalSection(ProjectConfigurationPlatforms) = postSolution
		{B8955850-6379-42DC-9223-594228863942}.Debug|Any CPU.ActiveCfg = Debug|Any CPU
		{B8955850-6379-42DC-9223-594228863942}.Debug|Any CPU.Build.0 = Debug|Any CPU
		{B8955850-6379-42DC-9223-594228863942}.Release|Any CPU.ActiveCfg = Release|Any CPU
		{B8955850-6379-42DC-9223-594228863942}.Release|Any CPU.Build.0 = Release|Any CPU
		{9AD091F4-0F02-484B-BD42-CFB31A7E5C2F}.Debug|Any CPU.ActiveCfg = Debug|Any CPU
		{9AD091F4-0F02-484B-BD42-CFB31A7E5C2F}.Debug|Any CPU.Build.0 = Debug|Any CPU
		{9AD091F4-0F02-484B-BD42-CFB31A7E5C2F}.Release|Any CPU.ActiveCfg = Release|Any CPU
		{9AD091F4-0F02-484B-BD42-CFB31A7E5C2F}.Release|Any CPU.Build.0 = Release|Any CPU
		{885AF9AA-96AB-4191-B247-779ABE47675B}.Debug|Any CPU.ActiveCfg = Debug|Any CPU
		{885AF9AA-96AB-4191-B247-779ABE47675B}.Debug|Any CPU.Build.0 = Debug|Any CPU
		{885AF9AA-96AB-4191-B247-779ABE47675B}.Release|Any CPU.ActiveCfg = Release|Any CPU
		{885AF9AA-96AB-4191-B247-779ABE47675B}.Release|Any CPU.Build.0 = Release|Any CPU
	EndGlobalSection
	GlobalSection(SolutionProperties) = preSolution
		HideSolutionNode = FALSE
	EndGlobalSection
EndGlobal
